<?xml version="1.0" encoding="utf-8"?>
<Project ToolsVersion="4.0" xmlns="http://schemas.microsoft.com/developer/msbuild/2003">
  <ItemGroup>
    <ClCompile Include="dllmain.cpp" />
    <ClCompile Include="GameEntry.cpp" />
    <ClCompile Include="pch.cpp" />
    <ClCompile Include="Scripts\Listener_StretchObject.hpp" />
  </ItemGroup>
  <ItemGroup>
    <ClInclude Include="framework.h" />
    <ClInclude Include="pch.h" />
    <ClInclude Include="include\ScriptSDK\Components.h" />
    <ClInclude Include="include\ScriptSDK\ECS.h" />
    <ClInclude Include="include\ScriptSDK\Math.h" />
    <ClInclude Include="include\ScriptSDK\Reflection.h" />
    <ClInclude Include="include\ScriptSDK\Renderer.h" />
    <ClInclude Include="include\ScriptSDK\ScriptAPI.h" />
    <ClInclude Include="include\ScriptSDK\ScriptMacros.h" />
    <ClInclude Include="include\ScriptSDK\ScriptTypes.h" />
    <ClInclude Include="Scripts\EngineAPI.hpp" />
    <ClInclude Include="Scripts\Highlightable_.hpp" />
    <ClInclude Include="Scripts\Highlightable_Material.hpp" />
    <ClInclude Include="Scripts\Interactable_.hpp" />
    <ClInclude Include="Scripts\Example_Template.hpp" />
    <ClInclude Include="Scripts\Player_Controller.hpp" />
    <ClInclude Include="Scripts\Player_Raycast.hpp" />
    <ClInclude Include="Scripts\Puzzle_.hpp" />
    <ClInclude Include="Scripts\Puzzle_Lever.hpp" />
    <ClInclude Include="Scripts\Puzzle_Wire.hpp" />
    <ClInclude Include="Scripts\Interactable_WireButton.hpp" />
    <ClInclude Include="Scripts\Test_SetActive.hpp" />
    <ClInclude Include="Scripts\Interactable_Grabbable.hpp" />
    <ClInclude Include="Scripts\Misc_Grabber.hpp" />
    <ClInclude Include="Scripts\Misc_ICOSwitcher.hpp" />
    <ClInclude Include="Scripts\Misc_Manager.hpp" />
    <ClInclude Include="Scripts\Misc_WireChild.hpp" />
    <ClInclude Include="Scripts\Interactable_OneWaySwitch.hpp" />
    <ClInclude Include="Scripts\Misc_RespawnOnCollision.hpp" />
    <ClInclude Include="Scripts\Misc_TwoStateRotater.hpp" />
    <ClInclude Include="Scripts\Watch_Controller.hpp" />
    <ClInclude Include="Scripts\Interactable_TwoWaySwitch.hpp" />
    <ClInclude Include="Scripts\Puzzle_Mirror.hpp" />
    <ClInclude Include="Scripts\Example_EnumField.hpp" />
    <ClInclude Include="Scripts\Listener_MoveObject.hpp" />
    <ClInclude Include="Scripts\Interactable_Battery.hpp" />
    <ClInclude Include="Scripts\Interactable_TwoWaySwitch.hpp" />
    <ClInclude Include="Scripts\Puzzle_BatteryPanel.hpp" />
    <ClInclude Include="Scripts\Puzzle_Mirror.hpp" />
    <ClInclude Include="Scripts\Interactable_Bridge.hpp" />
    <ClInclude Include="Scripts\Interactable_SequencerPad.hpp" />
    <ClInclude Include="Scripts\Puzzle_MultiLightSequencer.hpp" />
    <ClInclude Include="Scripts\Interactable_NoteCollector.hpp" />
    <ClInclude Include="Scripts\Misc_MaterialSwitcher.hpp" />
    <ClInclude Include="Scripts\Misc_PlayerRespawn.hpp" />
    <ClInclude Include="Scripts\NoteCollector_Controller.hpp" />
  </ItemGroup>
  <ItemGroup>
    <None Include="Scripts\SequencerPuzzleTwo.nfab" />
  </ItemGroup>
</Project>